// !$*UTF8*$!
{
	archiveVersion = 1;
	classes = {
	};
	objectVersion = 55;
	objects = {

/* Begin PBXBuildFile section */
		6582BF874F5E98515A914117 /* Pods_GBFitnessTests.framework in Frameworks */ = {isa = PBXBuildFile; fileRef = E917F211D33DEF710EAAD287 /* Pods_GBFitnessTests.framework */; };
		9750C7B057DF1C8CE0E2A36E /* Pods_GBFitness.framework in Frameworks */ = {isa = PBXBuildFile; fileRef = BDC891D92FC63950BF455752 /* Pods_GBFitness.framework */; };
		C104F33D293C74CE00968B78 /* BaseCoordinator.swift in Sources */ = {isa = PBXBuildFile; fileRef = C104F33C293C74CE00968B78 /* BaseCoordinator.swift */; };
		C104F33F293C76BE00968B78 /* ApplicationCoordinator.swift in Sources */ = {isa = PBXBuildFile; fileRef = C104F33E293C76BE00968B78 /* ApplicationCoordinator.swift */; };
		C104F341293C7BC600968B78 /* AuthCoordinator.swift in Sources */ = {isa = PBXBuildFile; fileRef = C104F340293C7BC600968B78 /* AuthCoordinator.swift */; };
		C104F343293C84C700968B78 /* MapCoordinator.swift in Sources */ = {isa = PBXBuildFile; fileRef = C104F342293C84C700968B78 /* MapCoordinator.swift */; };
		C104F345293C8EC100968B78 /* RegisterCoordinator.swift in Sources */ = {isa = PBXBuildFile; fileRef = C104F344293C8EC100968B78 /* RegisterCoordinator.swift */; };
		C12252682939CE3000DF39B5 /* DataService.swift in Sources */ = {isa = PBXBuildFile; fileRef = C12252672939CE3000DF39B5 /* DataService.swift */; };
		C122526A2939CF2D00DF39B5 /* RoutePathRealm.swift in Sources */ = {isa = PBXBuildFile; fileRef = C12252692939CF2D00DF39B5 /* RoutePathRealm.swift */; };
		C12BEDA7293B9FEE00A3BCDE /* User.swift in Sources */ = {isa = PBXBuildFile; fileRef = C12BEDA6293B9FEE00A3BCDE /* User.swift */; };
		C12BEDAC293BA92F00A3BCDE /* LoginViewController.swift in Sources */ = {isa = PBXBuildFile; fileRef = C12BEDAB293BA92F00A3BCDE /* LoginViewController.swift */; };
		C12BEDAE293BA95400A3BCDE /* RegisterViewController.swift in Sources */ = {isa = PBXBuildFile; fileRef = C12BEDAD293BA95400A3BCDE /* RegisterViewController.swift */; };
		C12E55A3294909F20011BA94 /* LocationManager.swift in Sources */ = {isa = PBXBuildFile; fileRef = C12E55A2294909F20011BA94 /* LocationManager.swift */; };
		C1D875DC29371A1D00FA5B83 /* AppDelegate.swift in Sources */ = {isa = PBXBuildFile; fileRef = C1D875DB29371A1D00FA5B83 /* AppDelegate.swift */; };
		C1D875DE29371A1D00FA5B83 /* SceneDelegate.swift in Sources */ = {isa = PBXBuildFile; fileRef = C1D875DD29371A1D00FA5B83 /* SceneDelegate.swift */; };
		C1D875E029371A1D00FA5B83 /* MapViewController.swift in Sources */ = {isa = PBXBuildFile; fileRef = C1D875DF29371A1D00FA5B83 /* MapViewController.swift */; };
		C1D875E329371A1D00FA5B83 /* Main.storyboard in Resources */ = {isa = PBXBuildFile; fileRef = C1D875E129371A1D00FA5B83 /* Main.storyboard */; };
		C1D875E529371A2100FA5B83 /* Assets.xcassets in Resources */ = {isa = PBXBuildFile; fileRef = C1D875E429371A2100FA5B83 /* Assets.xcassets */; };
		C1D875E829371A2100FA5B83 /* LaunchScreen.storyboard in Resources */ = {isa = PBXBuildFile; fileRef = C1D875E629371A2100FA5B83 /* LaunchScreen.storyboard */; };
		C1D875F329371A2200FA5B83 /* GBFitnessTests.swift in Sources */ = {isa = PBXBuildFile; fileRef = C1D875F229371A2200FA5B83 /* GBFitnessTests.swift */; };
		C1D875FD29371A2200FA5B83 /* GBFitnessUITests.swift in Sources */ = {isa = PBXBuildFile; fileRef = C1D875FC29371A2200FA5B83 /* GBFitnessUITests.swift */; };
		C1D875FF29371A2200FA5B83 /* GBFitnessUITestsLaunchTests.swift in Sources */ = {isa = PBXBuildFile; fileRef = C1D875FE29371A2200FA5B83 /* GBFitnessUITestsLaunchTests.swift */; };
		D3795BEB1EC3BDBAC91D80E3 /* Pods_GBFitness_GBFitnessUITests.framework in Frameworks */ = {isa = PBXBuildFile; fileRef = D50F4898DD76D2F72A18859B /* Pods_GBFitness_GBFitnessUITests.framework */; };
/* End PBXBuildFile section */

/* Begin PBXContainerItemProxy section */
		C1D875EF29371A2100FA5B83 /* PBXContainerItemProxy */ = {
			isa = PBXContainerItemProxy;
			containerPortal = C1D875D029371A1C00FA5B83 /* Project object */;
			proxyType = 1;
			remoteGlobalIDString = C1D875D729371A1C00FA5B83;
			remoteInfo = GBFitness;
		};
		C1D875F929371A2200FA5B83 /* PBXContainerItemProxy */ = {
			isa = PBXContainerItemProxy;
			containerPortal = C1D875D029371A1C00FA5B83 /* Project object */;
			proxyType = 1;
			remoteGlobalIDString = C1D875D729371A1C00FA5B83;
			remoteInfo = GBFitness;
		};
/* End PBXContainerItemProxy section */

/* Begin PBXFileReference section */
		0C3C64F81E3C0593E1A5B617 /* Pods-GBFitness-GBFitnessUITests.release.xcconfig */ = {isa = PBXFileReference; includeInIndex = 1; lastKnownFileType = text.xcconfig; name = "Pods-GBFitness-GBFitnessUITests.release.xcconfig"; path = "Target Support Files/Pods-GBFitness-GBFitnessUITests/Pods-GBFitness-GBFitnessUITests.release.xcconfig"; sourceTree = "<group>"; };
		115BDCD9B4402DE47638C435 /* Pods-GBFitness.debug.xcconfig */ = {isa = PBXFileReference; includeInIndex = 1; lastKnownFileType = text.xcconfig; name = "Pods-GBFitness.debug.xcconfig"; path = "Target Support Files/Pods-GBFitness/Pods-GBFitness.debug.xcconfig"; sourceTree = "<group>"; };
		29E3EA029F4794FAF5D5B20C /* Pods-GBFitnessTests.debug.xcconfig */ = {isa = PBXFileReference; includeInIndex = 1; lastKnownFileType = text.xcconfig; name = "Pods-GBFitnessTests.debug.xcconfig"; path = "Target Support Files/Pods-GBFitnessTests/Pods-GBFitnessTests.debug.xcconfig"; sourceTree = "<group>"; };
		47EE61C2A7B91456586BE9F2 /* Pods-GBFitness-GBFitnessUITests.debug.xcconfig */ = {isa = PBXFileReference; includeInIndex = 1; lastKnownFileType = text.xcconfig; name = "Pods-GBFitness-GBFitnessUITests.debug.xcconfig"; path = "Target Support Files/Pods-GBFitness-GBFitnessUITests/Pods-GBFitness-GBFitnessUITests.debug.xcconfig"; sourceTree = "<group>"; };
		A3113A3B86EE1419616AB6C9 /* Pods-GBFitnessTests.release.xcconfig */ = {isa = PBXFileReference; includeInIndex = 1; lastKnownFileType = text.xcconfig; name = "Pods-GBFitnessTests.release.xcconfig"; path = "Target Support Files/Pods-GBFitnessTests/Pods-GBFitnessTests.release.xcconfig"; sourceTree = "<group>"; };
		BDC891D92FC63950BF455752 /* Pods_GBFitness.framework */ = {isa = PBXFileReference; explicitFileType = wrapper.framework; includeInIndex = 0; path = Pods_GBFitness.framework; sourceTree = BUILT_PRODUCTS_DIR; };
		C104F33C293C74CE00968B78 /* BaseCoordinator.swift */ = {isa = PBXFileReference; lastKnownFileType = sourcecode.swift; path = BaseCoordinator.swift; sourceTree = "<group>"; };
		C104F33E293C76BE00968B78 /* ApplicationCoordinator.swift */ = {isa = PBXFileReference; lastKnownFileType = sourcecode.swift; path = ApplicationCoordinator.swift; sourceTree = "<group>"; };
		C104F340293C7BC600968B78 /* AuthCoordinator.swift */ = {isa = PBXFileReference; lastKnownFileType = sourcecode.swift; path = AuthCoordinator.swift; sourceTree = "<group>"; };
		C104F342293C84C700968B78 /* MapCoordinator.swift */ = {isa = PBXFileReference; lastKnownFileType = sourcecode.swift; path = MapCoordinator.swift; sourceTree = "<group>"; };
		C104F344293C8EC100968B78 /* RegisterCoordinator.swift */ = {isa = PBXFileReference; lastKnownFileType = sourcecode.swift; path = RegisterCoordinator.swift; sourceTree = "<group>"; };
		C12252672939CE3000DF39B5 /* DataService.swift */ = {isa = PBXFileReference; lastKnownFileType = sourcecode.swift; path = DataService.swift; sourceTree = "<group>"; };
		C12252692939CF2D00DF39B5 /* RoutePathRealm.swift */ = {isa = PBXFileReference; lastKnownFileType = sourcecode.swift; path = RoutePathRealm.swift; sourceTree = "<group>"; };
		C12BEDA6293B9FEE00A3BCDE /* User.swift */ = {isa = PBXFileReference; lastKnownFileType = sourcecode.swift; path = User.swift; sourceTree = "<group>"; };
		C12BEDAB293BA92F00A3BCDE /* LoginViewController.swift */ = {isa = PBXFileReference; lastKnownFileType = sourcecode.swift; path = LoginViewController.swift; sourceTree = "<group>"; };
		C12BEDAD293BA95400A3BCDE /* RegisterViewController.swift */ = {isa = PBXFileReference; lastKnownFileType = sourcecode.swift; path = RegisterViewController.swift; sourceTree = "<group>"; };
		C12E55A2294909F20011BA94 /* LocationManager.swift */ = {isa = PBXFileReference; lastKnownFileType = sourcecode.swift; path = LocationManager.swift; sourceTree = "<group>"; };
		C1D875D829371A1D00FA5B83 /* GBFitness.app */ = {isa = PBXFileReference; explicitFileType = wrapper.application; includeInIndex = 0; path = GBFitness.app; sourceTree = BUILT_PRODUCTS_DIR; };
		C1D875DB29371A1D00FA5B83 /* AppDelegate.swift */ = {isa = PBXFileReference; lastKnownFileType = sourcecode.swift; path = AppDelegate.swift; sourceTree = "<group>"; };
		C1D875DD29371A1D00FA5B83 /* SceneDelegate.swift */ = {isa = PBXFileReference; lastKnownFileType = sourcecode.swift; path = SceneDelegate.swift; sourceTree = "<group>"; };
		C1D875DF29371A1D00FA5B83 /* MapViewController.swift */ = {isa = PBXFileReference; lastKnownFileType = sourcecode.swift; path = MapViewController.swift; sourceTree = "<group>"; };
		C1D875E229371A1D00FA5B83 /* Base */ = {isa = PBXFileReference; lastKnownFileType = file.storyboard; name = Base; path = Base.lproj/Main.storyboard; sourceTree = "<group>"; };
		C1D875E429371A2100FA5B83 /* Assets.xcassets */ = {isa = PBXFileReference; lastKnownFileType = folder.assetcatalog; path = Assets.xcassets; sourceTree = "<group>"; };
		C1D875E729371A2100FA5B83 /* Base */ = {isa = PBXFileReference; lastKnownFileType = file.storyboard; name = Base; path = Base.lproj/LaunchScreen.storyboard; sourceTree = "<group>"; };
		C1D875E929371A2100FA5B83 /* Info.plist */ = {isa = PBXFileReference; lastKnownFileType = text.plist.xml; path = Info.plist; sourceTree = "<group>"; };
		C1D875EE29371A2100FA5B83 /* GBFitnessTests.xctest */ = {isa = PBXFileReference; explicitFileType = wrapper.cfbundle; includeInIndex = 0; path = GBFitnessTests.xctest; sourceTree = BUILT_PRODUCTS_DIR; };
		C1D875F229371A2200FA5B83 /* GBFitnessTests.swift */ = {isa = PBXFileReference; lastKnownFileType = sourcecode.swift; path = GBFitnessTests.swift; sourceTree = "<group>"; };
		C1D875F829371A2200FA5B83 /* GBFitnessUITests.xctest */ = {isa = PBXFileReference; explicitFileType = wrapper.cfbundle; includeInIndex = 0; path = GBFitnessUITests.xctest; sourceTree = BUILT_PRODUCTS_DIR; };
		C1D875FC29371A2200FA5B83 /* GBFitnessUITests.swift */ = {isa = PBXFileReference; lastKnownFileType = sourcecode.swift; path = GBFitnessUITests.swift; sourceTree = "<group>"; };
		C1D875FE29371A2200FA5B83 /* GBFitnessUITestsLaunchTests.swift */ = {isa = PBXFileReference; lastKnownFileType = sourcecode.swift; path = GBFitnessUITestsLaunchTests.swift; sourceTree = "<group>"; };
		D3CA85B9E177AB6A464EFFF6 /* Pods-GBFitness.release.xcconfig */ = {isa = PBXFileReference; includeInIndex = 1; lastKnownFileType = text.xcconfig; name = "Pods-GBFitness.release.xcconfig"; path = "Target Support Files/Pods-GBFitness/Pods-GBFitness.release.xcconfig"; sourceTree = "<group>"; };
		D50F4898DD76D2F72A18859B /* Pods_GBFitness_GBFitnessUITests.framework */ = {isa = PBXFileReference; explicitFileType = wrapper.framework; includeInIndex = 0; path = Pods_GBFitness_GBFitnessUITests.framework; sourceTree = BUILT_PRODUCTS_DIR; };
		E917F211D33DEF710EAAD287 /* Pods_GBFitnessTests.framework */ = {isa = PBXFileReference; explicitFileType = wrapper.framework; includeInIndex = 0; path = Pods_GBFitnessTests.framework; sourceTree = BUILT_PRODUCTS_DIR; };
/* End PBXFileReference section */

/* Begin PBXFrameworksBuildPhase section */
		C1D875D529371A1C00FA5B83 /* Frameworks */ = {
			isa = PBXFrameworksBuildPhase;
			buildActionMask = 2147483647;
			files = (
				9750C7B057DF1C8CE0E2A36E /* Pods_GBFitness.framework in Frameworks */,
			);
			runOnlyForDeploymentPostprocessing = 0;
		};
		C1D875EB29371A2100FA5B83 /* Frameworks */ = {
			isa = PBXFrameworksBuildPhase;
			buildActionMask = 2147483647;
			files = (
				6582BF874F5E98515A914117 /* Pods_GBFitnessTests.framework in Frameworks */,
			);
			runOnlyForDeploymentPostprocessing = 0;
		};
		C1D875F529371A2200FA5B83 /* Frameworks */ = {
			isa = PBXFrameworksBuildPhase;
			buildActionMask = 2147483647;
			files = (
				D3795BEB1EC3BDBAC91D80E3 /* Pods_GBFitness_GBFitnessUITests.framework in Frameworks */,
			);
			runOnlyForDeploymentPostprocessing = 0;
		};
/* End PBXFrameworksBuildPhase section */

/* Begin PBXGroup section */
		C104F33B293C749B00968B78 /* Coordinators */ = {
			isa = PBXGroup;
			children = (
				C104F33C293C74CE00968B78 /* BaseCoordinator.swift */,
				C104F33E293C76BE00968B78 /* ApplicationCoordinator.swift */,
				C104F340293C7BC600968B78 /* AuthCoordinator.swift */,
				C104F342293C84C700968B78 /* MapCoordinator.swift */,
				C104F344293C8EC100968B78 /* RegisterCoordinator.swift */,
			);
			path = Coordinators;
			sourceTree = "<group>";
		};
		C12BEDA5293B9FD500A3BCDE /* Models */ = {
			isa = PBXGroup;
			children = (
				C12252692939CF2D00DF39B5 /* RoutePathRealm.swift */,
				C12BEDA6293B9FEE00A3BCDE /* User.swift */,
			);
			path = Models;
			sourceTree = "<group>";
		};
		C12BEDA8293BA0D600A3BCDE /* Services */ = {
			isa = PBXGroup;
			children = (
				C12252672939CE3000DF39B5 /* DataService.swift */,
				C12E55A2294909F20011BA94 /* LocationManager.swift */,
			);
			path = Services;
			sourceTree = "<group>";
		};
		C12BEDA9293BA0F300A3BCDE /* AppFiles */ = {
			isa = PBXGroup;
			children = (
				C1D875DB29371A1D00FA5B83 /* AppDelegate.swift */,
				C1D875DD29371A1D00FA5B83 /* SceneDelegate.swift */,
				C1D875E129371A1D00FA5B83 /* Main.storyboard */,
				C1D875E429371A2100FA5B83 /* Assets.xcassets */,
				C1D875E629371A2100FA5B83 /* LaunchScreen.storyboard */,
			);
			path = AppFiles;
			sourceTree = "<group>";
		};
		C12BEDAA293BA11B00A3BCDE /* Controllers */ = {
			isa = PBXGroup;
			children = (
				C1D875DF29371A1D00FA5B83 /* MapViewController.swift */,
				C12BEDAB293BA92F00A3BCDE /* LoginViewController.swift */,
				C12BEDAD293BA95400A3BCDE /* RegisterViewController.swift */,
			);
			path = Controllers;
			sourceTree = "<group>";
		};
		C1D875CF29371A1C00FA5B83 = {
			isa = PBXGroup;
			children = (
				C1D875DA29371A1D00FA5B83 /* GBFitness */,
				C1D875F129371A2200FA5B83 /* GBFitnessTests */,
				C1D875FB29371A2200FA5B83 /* GBFitnessUITests */,
				C1D875D929371A1D00FA5B83 /* Products */,
				FFFA214768F2F741F4FB8DE8 /* Pods */,
				FEE1122C079ED4141FE5B969 /* Frameworks */,
			);
			sourceTree = "<group>";
		};
		C1D875D929371A1D00FA5B83 /* Products */ = {
			isa = PBXGroup;
			children = (
				C1D875D829371A1D00FA5B83 /* GBFitness.app */,
				C1D875EE29371A2100FA5B83 /* GBFitnessTests.xctest */,
				C1D875F829371A2200FA5B83 /* GBFitnessUITests.xctest */,
			);
			name = Products;
			sourceTree = "<group>";
		};
		C1D875DA29371A1D00FA5B83 /* GBFitness */ = {
			isa = PBXGroup;
			children = (
				C12BEDA9293BA0F300A3BCDE /* AppFiles */,
				C12BEDAA293BA11B00A3BCDE /* Controllers */,
				C104F33B293C749B00968B78 /* Coordinators */,
				C12BEDA5293B9FD500A3BCDE /* Models */,
				C12BEDA8293BA0D600A3BCDE /* Services */,
				C1D875E929371A2100FA5B83 /* Info.plist */,
			);
			path = GBFitness;
			sourceTree = "<group>";
		};
		C1D875F129371A2200FA5B83 /* GBFitnessTests */ = {
			isa = PBXGroup;
			children = (
				C1D875F229371A2200FA5B83 /* GBFitnessTests.swift */,
			);
			path = GBFitnessTests;
			sourceTree = "<group>";
		};
		C1D875FB29371A2200FA5B83 /* GBFitnessUITests */ = {
			isa = PBXGroup;
			children = (
				C1D875FC29371A2200FA5B83 /* GBFitnessUITests.swift */,
				C1D875FE29371A2200FA5B83 /* GBFitnessUITestsLaunchTests.swift */,
			);
			path = GBFitnessUITests;
			sourceTree = "<group>";
		};
		FEE1122C079ED4141FE5B969 /* Frameworks */ = {
			isa = PBXGroup;
			children = (
				BDC891D92FC63950BF455752 /* Pods_GBFitness.framework */,
				D50F4898DD76D2F72A18859B /* Pods_GBFitness_GBFitnessUITests.framework */,
				E917F211D33DEF710EAAD287 /* Pods_GBFitnessTests.framework */,
			);
			name = Frameworks;
			sourceTree = "<group>";
		};
		FFFA214768F2F741F4FB8DE8 /* Pods */ = {
			isa = PBXGroup;
			children = (
				115BDCD9B4402DE47638C435 /* Pods-GBFitness.debug.xcconfig */,
				D3CA85B9E177AB6A464EFFF6 /* Pods-GBFitness.release.xcconfig */,
				47EE61C2A7B91456586BE9F2 /* Pods-GBFitness-GBFitnessUITests.debug.xcconfig */,
				0C3C64F81E3C0593E1A5B617 /* Pods-GBFitness-GBFitnessUITests.release.xcconfig */,
				29E3EA029F4794FAF5D5B20C /* Pods-GBFitnessTests.debug.xcconfig */,
				A3113A3B86EE1419616AB6C9 /* Pods-GBFitnessTests.release.xcconfig */,
			);
			path = Pods;
			sourceTree = "<group>";
		};
/* End PBXGroup section */

/* Begin PBXNativeTarget section */
		C1D875D729371A1C00FA5B83 /* GBFitness */ = {
			isa = PBXNativeTarget;
			buildConfigurationList = C1D8760229371A2200FA5B83 /* Build configuration list for PBXNativeTarget "GBFitness" */;
			buildPhases = (
				C133E501FD464AFE5A015D66 /* [CP] Check Pods Manifest.lock */,
				C1D875D429371A1C00FA5B83 /* Sources */,
				C1D875D529371A1C00FA5B83 /* Frameworks */,
				C1D875D629371A1C00FA5B83 /* Resources */,
				BAA566F0924B85E5669E7E9B /* [CP] Copy Pods Resources */,
				C379BBE4A94D872FF6B1E3B0 /* [CP] Embed Pods Frameworks */,
			);
			buildRules = (
			);
			dependencies = (
			);
			name = GBFitness;
			productName = GBFitness;
			productReference = C1D875D829371A1D00FA5B83 /* GBFitness.app */;
			productType = "com.apple.product-type.application";
		};
		C1D875ED29371A2100FA5B83 /* GBFitnessTests */ = {
			isa = PBXNativeTarget;
			buildConfigurationList = C1D8760529371A2200FA5B83 /* Build configuration list for PBXNativeTarget "GBFitnessTests" */;
			buildPhases = (
				2281A37C8A7240DBB37E1479 /* [CP] Check Pods Manifest.lock */,
				C1D875EA29371A2100FA5B83 /* Sources */,
				C1D875EB29371A2100FA5B83 /* Frameworks */,
				C1D875EC29371A2100FA5B83 /* Resources */,
			);
			buildRules = (
			);
			dependencies = (
				C1D875F029371A2100FA5B83 /* PBXTargetDependency */,
			);
			name = GBFitnessTests;
			productName = GBFitnessTests;
			productReference = C1D875EE29371A2100FA5B83 /* GBFitnessTests.xctest */;
			productType = "com.apple.product-type.bundle.unit-test";
		};
		C1D875F729371A2200FA5B83 /* GBFitnessUITests */ = {
			isa = PBXNativeTarget;
			buildConfigurationList = C1D8760829371A2200FA5B83 /* Build configuration list for PBXNativeTarget "GBFitnessUITests" */;
			buildPhases = (
				4B84612041B853E6128D25ED /* [CP] Check Pods Manifest.lock */,
				C1D875F429371A2200FA5B83 /* Sources */,
				C1D875F529371A2200FA5B83 /* Frameworks */,
				C1D875F629371A2200FA5B83 /* Resources */,
				B235022A7CA9538DDB685922 /* [CP] Copy Pods Resources */,
				878BB396472D62D6F67D845B /* [CP] Embed Pods Frameworks */,
			);
			buildRules = (
			);
			dependencies = (
				C1D875FA29371A2200FA5B83 /* PBXTargetDependency */,
			);
			name = GBFitnessUITests;
			productName = GBFitnessUITests;
			productReference = C1D875F829371A2200FA5B83 /* GBFitnessUITests.xctest */;
			productType = "com.apple.product-type.bundle.ui-testing";
		};
/* End PBXNativeTarget section */

/* Begin PBXProject section */
		C1D875D029371A1C00FA5B83 /* Project object */ = {
			isa = PBXProject;
			attributes = {
				BuildIndependentTargetsInParallel = 1;
				LastSwiftUpdateCheck = 1410;
				LastUpgradeCheck = 1410;
				TargetAttributes = {
					C1D875D729371A1C00FA5B83 = {
						CreatedOnToolsVersion = 14.1;
					};
					C1D875ED29371A2100FA5B83 = {
						CreatedOnToolsVersion = 14.1;
						TestTargetID = C1D875D729371A1C00FA5B83;
					};
					C1D875F729371A2200FA5B83 = {
						CreatedOnToolsVersion = 14.1;
						TestTargetID = C1D875D729371A1C00FA5B83;
					};
				};
			};
			buildConfigurationList = C1D875D329371A1C00FA5B83 /* Build configuration list for PBXProject "GBFitness" */;
			compatibilityVersion = "Xcode 13.0";
			developmentRegion = en;
			hasScannedForEncodings = 0;
			knownRegions = (
				en,
				Base,
			);
			mainGroup = C1D875CF29371A1C00FA5B83;
			productRefGroup = C1D875D929371A1D00FA5B83 /* Products */;
			projectDirPath = "";
			projectRoot = "";
			targets = (
				C1D875D729371A1C00FA5B83 /* GBFitness */,
				C1D875ED29371A2100FA5B83 /* GBFitnessTests */,
				C1D875F729371A2200FA5B83 /* GBFitnessUITests */,
			);
		};
/* End PBXProject section */

/* Begin PBXResourcesBuildPhase section */
		C1D875D629371A1C00FA5B83 /* Resources */ = {
			isa = PBXResourcesBuildPhase;
			buildActionMask = 2147483647;
			files = (
				C1D875E829371A2100FA5B83 /* LaunchScreen.storyboard in Resources */,
				C1D875E529371A2100FA5B83 /* Assets.xcassets in Resources */,
				C1D875E329371A1D00FA5B83 /* Main.storyboard in Resources */,
			);
			runOnlyForDeploymentPostprocessing = 0;
		};
		C1D875EC29371A2100FA5B83 /* Resources */ = {
			isa = PBXResourcesBuildPhase;
			buildActionMask = 2147483647;
			files = (
			);
			runOnlyForDeploymentPostprocessing = 0;
		};
		C1D875F629371A2200FA5B83 /* Resources */ = {
			isa = PBXResourcesBuildPhase;
			buildActionMask = 2147483647;
			files = (
			);
			runOnlyForDeploymentPostprocessing = 0;
		};
/* End PBXResourcesBuildPhase section */

/* Begin PBXShellScriptBuildPhase section */
		2281A37C8A7240DBB37E1479 /* [CP] Check Pods Manifest.lock */ = {
			isa = PBXShellScriptBuildPhase;
			buildActionMask = 2147483647;
			files = (
			);
			inputFileListPaths = (
			);
			inputPaths = (
				"${PODS_PODFILE_DIR_PATH}/Podfile.lock",
				"${PODS_ROOT}/Manifest.lock",
			);
			name = "[CP] Check Pods Manifest.lock";
			outputFileListPaths = (
			);
			outputPaths = (
				"$(DERIVED_FILE_DIR)/Pods-GBFitnessTests-checkManifestLockResult.txt",
			);
			runOnlyForDeploymentPostprocessing = 0;
			shellPath = /bin/sh;
			shellScript = "diff \"${PODS_PODFILE_DIR_PATH}/Podfile.lock\" \"${PODS_ROOT}/Manifest.lock\" > /dev/null\nif [ $? != 0 ] ; then\n    # print error to STDERR\n    echo \"error: The sandbox is not in sync with the Podfile.lock. Run 'pod install' or update your CocoaPods installation.\" >&2\n    exit 1\nfi\n# This output is used by Xcode 'outputs' to avoid re-running this script phase.\necho \"SUCCESS\" > \"${SCRIPT_OUTPUT_FILE_0}\"\n";
			showEnvVarsInLog = 0;
		};
		4B84612041B853E6128D25ED /* [CP] Check Pods Manifest.lock */ = {
			isa = PBXShellScriptBuildPhase;
			buildActionMask = 2147483647;
			files = (
			);
			inputFileListPaths = (
			);
			inputPaths = (
				"${PODS_PODFILE_DIR_PATH}/Podfile.lock",
				"${PODS_ROOT}/Manifest.lock",
			);
			name = "[CP] Check Pods Manifest.lock";
			outputFileListPaths = (
			);
			outputPaths = (
				"$(DERIVED_FILE_DIR)/Pods-GBFitness-GBFitnessUITests-checkManifestLockResult.txt",
			);
			runOnlyForDeploymentPostprocessing = 0;
			shellPath = /bin/sh;
			shellScript = "diff \"${PODS_PODFILE_DIR_PATH}/Podfile.lock\" \"${PODS_ROOT}/Manifest.lock\" > /dev/null\nif [ $? != 0 ] ; then\n    # print error to STDERR\n    echo \"error: The sandbox is not in sync with the Podfile.lock. Run 'pod install' or update your CocoaPods installation.\" >&2\n    exit 1\nfi\n# This output is used by Xcode 'outputs' to avoid re-running this script phase.\necho \"SUCCESS\" > \"${SCRIPT_OUTPUT_FILE_0}\"\n";
			showEnvVarsInLog = 0;
		};
		878BB396472D62D6F67D845B /* [CP] Embed Pods Frameworks */ = {
			isa = PBXShellScriptBuildPhase;
			buildActionMask = 2147483647;
			files = (
			);
			inputFileListPaths = (
				"${PODS_ROOT}/Target Support Files/Pods-GBFitness-GBFitnessUITests/Pods-GBFitness-GBFitnessUITests-frameworks-${CONFIGURATION}-input-files.xcfilelist",
			);
			name = "[CP] Embed Pods Frameworks";
			outputFileListPaths = (
				"${PODS_ROOT}/Target Support Files/Pods-GBFitness-GBFitnessUITests/Pods-GBFitness-GBFitnessUITests-frameworks-${CONFIGURATION}-output-files.xcfilelist",
			);
			runOnlyForDeploymentPostprocessing = 0;
			shellPath = /bin/sh;
			shellScript = "\"${PODS_ROOT}/Target Support Files/Pods-GBFitness-GBFitnessUITests/Pods-GBFitness-GBFitnessUITests-frameworks.sh\"\n";
			showEnvVarsInLog = 0;
		};
		B235022A7CA9538DDB685922 /* [CP] Copy Pods Resources */ = {
			isa = PBXShellScriptBuildPhase;
			buildActionMask = 2147483647;
			files = (
			);
			inputFileListPaths = (
				"${PODS_ROOT}/Target Support Files/Pods-GBFitness-GBFitnessUITests/Pods-GBFitness-GBFitnessUITests-resources-${CONFIGURATION}-input-files.xcfilelist",
			);
			name = "[CP] Copy Pods Resources";
			outputFileListPaths = (
				"${PODS_ROOT}/Target Support Files/Pods-GBFitness-GBFitnessUITests/Pods-GBFitness-GBFitnessUITests-resources-${CONFIGURATION}-output-files.xcfilelist",
			);
			runOnlyForDeploymentPostprocessing = 0;
			shellPath = /bin/sh;
			shellScript = "\"${PODS_ROOT}/Target Support Files/Pods-GBFitness-GBFitnessUITests/Pods-GBFitness-GBFitnessUITests-resources.sh\"\n";
			showEnvVarsInLog = 0;
		};
		BAA566F0924B85E5669E7E9B /* [CP] Copy Pods Resources */ = {
			isa = PBXShellScriptBuildPhase;
			buildActionMask = 2147483647;
			files = (
			);
			inputFileListPaths = (
				"${PODS_ROOT}/Target Support Files/Pods-GBFitness/Pods-GBFitness-resources-${CONFIGURATION}-input-files.xcfilelist",
			);
			name = "[CP] Copy Pods Resources";
			outputFileListPaths = (
				"${PODS_ROOT}/Target Support Files/Pods-GBFitness/Pods-GBFitness-resources-${CONFIGURATION}-output-files.xcfilelist",
			);
			runOnlyForDeploymentPostprocessing = 0;
			shellPath = /bin/sh;
			shellScript = "\"${PODS_ROOT}/Target Support Files/Pods-GBFitness/Pods-GBFitness-resources.sh\"\n";
			showEnvVarsInLog = 0;
		};
		C133E501FD464AFE5A015D66 /* [CP] Check Pods Manifest.lock */ = {
			isa = PBXShellScriptBuildPhase;
			buildActionMask = 2147483647;
			files = (
			);
			inputFileListPaths = (
			);
			inputPaths = (
				"${PODS_PODFILE_DIR_PATH}/Podfile.lock",
				"${PODS_ROOT}/Manifest.lock",
			);
			name = "[CP] Check Pods Manifest.lock";
			outputFileListPaths = (
			);
			outputPaths = (
				"$(DERIVED_FILE_DIR)/Pods-GBFitness-checkManifestLockResult.txt",
			);
			runOnlyForDeploymentPostprocessing = 0;
			shellPath = /bin/sh;
			shellScript = "diff \"${PODS_PODFILE_DIR_PATH}/Podfile.lock\" \"${PODS_ROOT}/Manifest.lock\" > /dev/null\nif [ $? != 0 ] ; then\n    # print error to STDERR\n    echo \"error: The sandbox is not in sync with the Podfile.lock. Run 'pod install' or update your CocoaPods installation.\" >&2\n    exit 1\nfi\n# This output is used by Xcode 'outputs' to avoid re-running this script phase.\necho \"SUCCESS\" > \"${SCRIPT_OUTPUT_FILE_0}\"\n";
			showEnvVarsInLog = 0;
		};
		C379BBE4A94D872FF6B1E3B0 /* [CP] Embed Pods Frameworks */ = {
			isa = PBXShellScriptBuildPhase;
			buildActionMask = 2147483647;
			files = (
			);
			inputFileListPaths = (
				"${PODS_ROOT}/Target Support Files/Pods-GBFitness/Pods-GBFitness-frameworks-${CONFIGURATION}-input-files.xcfilelist",
			);
			name = "[CP] Embed Pods Frameworks";
			outputFileListPaths = (
				"${PODS_ROOT}/Target Support Files/Pods-GBFitness/Pods-GBFitness-frameworks-${CONFIGURATION}-output-files.xcfilelist",
			);
			runOnlyForDeploymentPostprocessing = 0;
			shellPath = /bin/sh;
			shellScript = "\"${PODS_ROOT}/Target Support Files/Pods-GBFitness/Pods-GBFitness-frameworks.sh\"\n";
			showEnvVarsInLog = 0;
		};
/* End PBXShellScriptBuildPhase section */

/* Begin PBXSourcesBuildPhase section */
		C1D875D429371A1C00FA5B83 /* Sources */ = {
			isa = PBXSourcesBuildPhase;
			buildActionMask = 2147483647;
			files = (
				C12BEDAC293BA92F00A3BCDE /* LoginViewController.swift in Sources */,
				C104F33D293C74CE00968B78 /* BaseCoordinator.swift in Sources */,
				C104F345293C8EC100968B78 /* RegisterCoordinator.swift in Sources */,
				C1D875E029371A1D00FA5B83 /* MapViewController.swift in Sources */,
				C1D875DC29371A1D00FA5B83 /* AppDelegate.swift in Sources */,
				C12BEDAE293BA95400A3BCDE /* RegisterViewController.swift in Sources */,
				C104F33F293C76BE00968B78 /* ApplicationCoordinator.swift in Sources */,
				C104F341293C7BC600968B78 /* AuthCoordinator.swift in Sources */,
				C12BEDA7293B9FEE00A3BCDE /* User.swift in Sources */,
				C1D875DE29371A1D00FA5B83 /* SceneDelegate.swift in Sources */,
				C12E55A3294909F20011BA94 /* LocationManager.swift in Sources */,
				C104F343293C84C700968B78 /* MapCoordinator.swift in Sources */,
				C122526A2939CF2D00DF39B5 /* RoutePathRealm.swift in Sources */,
				C12252682939CE3000DF39B5 /* DataService.swift in Sources */,
			);
			runOnlyForDeploymentPostprocessing = 0;
		};
		C1D875EA29371A2100FA5B83 /* Sources */ = {
			isa = PBXSourcesBuildPhase;
			buildActionMask = 2147483647;
			files = (
				C1D875F329371A2200FA5B83 /* GBFitnessTests.swift in Sources */,
			);
			runOnlyForDeploymentPostprocessing = 0;
		};
		C1D875F429371A2200FA5B83 /* Sources */ = {
			isa = PBXSourcesBuildPhase;
			buildActionMask = 2147483647;
			files = (
				C1D875FF29371A2200FA5B83 /* GBFitnessUITestsLaunchTests.swift in Sources */,
				C1D875FD29371A2200FA5B83 /* GBFitnessUITests.swift in Sources */,
			);
			runOnlyForDeploymentPostprocessing = 0;
		};
/* End PBXSourcesBuildPhase section */

/* Begin PBXTargetDependency section */
		C1D875F029371A2100FA5B83 /* PBXTargetDependency */ = {
			isa = PBXTargetDependency;
			target = C1D875D729371A1C00FA5B83 /* GBFitness */;
			targetProxy = C1D875EF29371A2100FA5B83 /* PBXContainerItemProxy */;
		};
		C1D875FA29371A2200FA5B83 /* PBXTargetDependency */ = {
			isa = PBXTargetDependency;
			target = C1D875D729371A1C00FA5B83 /* GBFitness */;
			targetProxy = C1D875F929371A2200FA5B83 /* PBXContainerItemProxy */;
		};
/* End PBXTargetDependency section */

/* Begin PBXVariantGroup section */
		C1D875E129371A1D00FA5B83 /* Main.storyboard */ = {
			isa = PBXVariantGroup;
			children = (
				C1D875E229371A1D00FA5B83 /* Base */,
			);
			name = Main.storyboard;
			sourceTree = "<group>";
		};
		C1D875E629371A2100FA5B83 /* LaunchScreen.storyboard */ = {
			isa = PBXVariantGroup;
			children = (
				C1D875E729371A2100FA5B83 /* Base */,
			);
			name = LaunchScreen.storyboard;
			sourceTree = "<group>";
		};
/* End PBXVariantGroup section */

/* Begin XCBuildConfiguration section */
		C1D8760029371A2200FA5B83 /* Debug */ = {
			isa = XCBuildConfiguration;
			buildSettings = {
				ALWAYS_SEARCH_USER_PATHS = NO;
				CLANG_ANALYZER_NONNULL = YES;
				CLANG_ANALYZER_NUMBER_OBJECT_CONVERSION = YES_AGGRESSIVE;
				CLANG_CXX_LANGUAGE_STANDARD = "gnu++20";
				CLANG_ENABLE_MODULES = YES;
				CLANG_ENABLE_OBJC_ARC = YES;
				CLANG_ENABLE_OBJC_WEAK = YES;
				CLANG_WARN_BLOCK_CAPTURE_AUTORELEASING = YES;
				CLANG_WARN_BOOL_CONVERSION = YES;
				CLANG_WARN_COMMA = YES;
				CLANG_WARN_CONSTANT_CONVERSION = YES;
				CLANG_WARN_DEPRECATED_OBJC_IMPLEMENTATIONS = YES;
				CLANG_WARN_DIRECT_OBJC_ISA_USAGE = YES_ERROR;
				CLANG_WARN_DOCUMENTATION_COMMENTS = YES;
				CLANG_WARN_EMPTY_BODY = YES;
				CLANG_WARN_ENUM_CONVERSION = YES;
				CLANG_WARN_INFINITE_RECURSION = YES;
				CLANG_WARN_INT_CONVERSION = YES;
				CLANG_WARN_NON_LITERAL_NULL_CONVERSION = YES;
				CLANG_WARN_OBJC_IMPLICIT_RETAIN_SELF = YES;
				CLANG_WARN_OBJC_LITERAL_CONVERSION = YES;
				CLANG_WARN_OBJC_ROOT_CLASS = YES_ERROR;
				CLANG_WARN_QUOTED_INCLUDE_IN_FRAMEWORK_HEADER = YES;
				CLANG_WARN_RANGE_LOOP_ANALYSIS = YES;
				CLANG_WARN_STRICT_PROTOTYPES = YES;
				CLANG_WARN_SUSPICIOUS_MOVE = YES;
				CLANG_WARN_UNGUARDED_AVAILABILITY = YES_AGGRESSIVE;
				CLANG_WARN_UNREACHABLE_CODE = YES;
				CLANG_WARN__DUPLICATE_METHOD_MATCH = YES;
				COPY_PHASE_STRIP = NO;
				DEBUG_INFORMATION_FORMAT = dwarf;
				ENABLE_STRICT_OBJC_MSGSEND = YES;
				ENABLE_TESTABILITY = YES;
				GCC_C_LANGUAGE_STANDARD = gnu11;
				GCC_DYNAMIC_NO_PIC = NO;
				GCC_NO_COMMON_BLOCKS = YES;
				GCC_OPTIMIZATION_LEVEL = 0;
				GCC_PREPROCESSOR_DEFINITIONS = (
					"DEBUG=1",
					"$(inherited)",
				);
				GCC_WARN_64_TO_32_BIT_CONVERSION = YES;
				GCC_WARN_ABOUT_RETURN_TYPE = YES_ERROR;
				GCC_WARN_UNDECLARED_SELECTOR = YES;
				GCC_WARN_UNINITIALIZED_AUTOS = YES_AGGRESSIVE;
				GCC_WARN_UNUSED_FUNCTION = YES;
				GCC_WARN_UNUSED_VARIABLE = YES;
				IPHONEOS_DEPLOYMENT_TARGET = 16.1;
				MTL_ENABLE_DEBUG_INFO = INCLUDE_SOURCE;
				MTL_FAST_MATH = YES;
				ONLY_ACTIVE_ARCH = YES;
				SDKROOT = iphoneos;
				SWIFT_ACTIVE_COMPILATION_CONDITIONS = DEBUG;
				SWIFT_OPTIMIZATION_LEVEL = "-Onone";
			};
			name = Debug;
		};
		C1D8760129371A2200FA5B83 /* Release */ = {
			isa = XCBuildConfiguration;
			buildSettings = {
				ALWAYS_SEARCH_USER_PATHS = NO;
				CLANG_ANALYZER_NONNULL = YES;
				CLANG_ANALYZER_NUMBER_OBJECT_CONVERSION = YES_AGGRESSIVE;
				CLANG_CXX_LANGUAGE_STANDARD = "gnu++20";
				CLANG_ENABLE_MODULES = YES;
				CLANG_ENABLE_OBJC_ARC = YES;
				CLANG_ENABLE_OBJC_WEAK = YES;
				CLANG_WARN_BLOCK_CAPTURE_AUTORELEASING = YES;
				CLANG_WARN_BOOL_CONVERSION = YES;
				CLANG_WARN_COMMA = YES;
				CLANG_WARN_CONSTANT_CONVERSION = YES;
				CLANG_WARN_DEPRECATED_OBJC_IMPLEMENTATIONS = YES;
				CLANG_WARN_DIRECT_OBJC_ISA_USAGE = YES_ERROR;
				CLANG_WARN_DOCUMENTATION_COMMENTS = YES;
				CLANG_WARN_EMPTY_BODY = YES;
				CLANG_WARN_ENUM_CONVERSION = YES;
				CLANG_WARN_INFINITE_RECURSION = YES;
				CLANG_WARN_INT_CONVERSION = YES;
				CLANG_WARN_NON_LITERAL_NULL_CONVERSION = YES;
				CLANG_WARN_OBJC_IMPLICIT_RETAIN_SELF = YES;
				CLANG_WARN_OBJC_LITERAL_CONVERSION = YES;
				CLANG_WARN_OBJC_ROOT_CLASS = YES_ERROR;
				CLANG_WARN_QUOTED_INCLUDE_IN_FRAMEWORK_HEADER = YES;
				CLANG_WARN_RANGE_LOOP_ANALYSIS = YES;
				CLANG_WARN_STRICT_PROTOTYPES = YES;
				CLANG_WARN_SUSPICIOUS_MOVE = YES;
				CLANG_WARN_UNGUARDED_AVAILABILITY = YES_AGGRESSIVE;
				CLANG_WARN_UNREACHABLE_CODE = YES;
				CLANG_WARN__DUPLICATE_METHOD_MATCH = YES;
				COPY_PHASE_STRIP = NO;
				DEBUG_INFORMATION_FORMAT = "dwarf-with-dsym";
				ENABLE_NS_ASSERTIONS = NO;
				ENABLE_STRICT_OBJC_MSGSEND = YES;
				GCC_C_LANGUAGE_STANDARD = gnu11;
				GCC_NO_COMMON_BLOCKS = YES;
				GCC_WARN_64_TO_32_BIT_CONVERSION = YES;
				GCC_WARN_ABOUT_RETURN_TYPE = YES_ERROR;
				GCC_WARN_UNDECLARED_SELECTOR = YES;
				GCC_WARN_UNINITIALIZED_AUTOS = YES_AGGRESSIVE;
				GCC_WARN_UNUSED_FUNCTION = YES;
				GCC_WARN_UNUSED_VARIABLE = YES;
				IPHONEOS_DEPLOYMENT_TARGET = 16.1;
				MTL_ENABLE_DEBUG_INFO = NO;
				MTL_FAST_MATH = YES;
				SDKROOT = iphoneos;
				SWIFT_COMPILATION_MODE = wholemodule;
				SWIFT_OPTIMIZATION_LEVEL = "-O";
				VALIDATE_PRODUCT = YES;
			};
			name = Release;
		};
		C1D8760329371A2200FA5B83 /* Debug */ = {
			isa = XCBuildConfiguration;
			baseConfigurationReference = 115BDCD9B4402DE47638C435 /* Pods-GBFitness.debug.xcconfig */;
			buildSettings = {
				ASSETCATALOG_COMPILER_APPICON_NAME = AppIcon;
				"ASSETCATALOG_COMPILER_APPICON_NAME[sdk=iphoneos*]" = AppIcon;
				ASSETCATALOG_COMPILER_GLOBAL_ACCENT_COLOR_NAME = AccentColor;
				ASSETCATALOG_COMPILER_INCLUDE_ALL_APPICON_ASSETS = NO;
				CODE_SIGN_STYLE = Automatic;
				CURRENT_PROJECT_VERSION = 1;
				DEVELOPMENT_TEAM = CK743H6YQY;
				GENERATE_INFOPLIST_FILE = YES;
				INFOPLIST_FILE = GBFitness/Info.plist;
				INFOPLIST_KEY_CFBundleDisplayName = GBFitness;
				INFOPLIST_KEY_LSApplicationCategoryType = "public.app-category.navigation";
				INFOPLIST_KEY_NSLocationAlwaysAndWhenInUseUsageDescription = "Отслеживание геопозиции для трекинга";
				INFOPLIST_KEY_NSLocationWhenInUseUsageDescription = "Необходимо отслеживание геопозиции";
				INFOPLIST_KEY_UIApplicationSupportsIndirectInputEvents = YES;
				INFOPLIST_KEY_UILaunchStoryboardName = LaunchScreen.storyboard;
				INFOPLIST_KEY_UIMainStoryboardFile = Main;
				INFOPLIST_KEY_UIStatusBarStyle = UIStatusBarStyleLightContent;
				INFOPLIST_KEY_UISupportedInterfaceOrientations = UIInterfaceOrientationPortrait;
				IPHONEOS_DEPLOYMENT_TARGET = 15.0;
				LD_RUNPATH_SEARCH_PATHS = (
					"$(inherited)",
					"@executable_path/Frameworks",
				);
				MARKETING_VERSION = 1.0;
				PRODUCT_BUNDLE_IDENTIFIER = "com.losev-maksim.GBFitness";
				PRODUCT_NAME = "$(TARGET_NAME)";
				SWIFT_EMIT_LOC_STRINGS = YES;
				SWIFT_VERSION = 5.0;
				TARGETED_DEVICE_FAMILY = "1,2";
			};
			name = Debug;
		};
		C1D8760429371A2200FA5B83 /* Release */ = {
			isa = XCBuildConfiguration;
			baseConfigurationReference = D3CA85B9E177AB6A464EFFF6 /* Pods-GBFitness.release.xcconfig */;
			buildSettings = {
				ASSETCATALOG_COMPILER_APPICON_NAME = AppIcon;
				"ASSETCATALOG_COMPILER_APPICON_NAME[sdk=iphoneos*]" = AppIcon;
				ASSETCATALOG_COMPILER_GLOBAL_ACCENT_COLOR_NAME = AccentColor;
				ASSETCATALOG_COMPILER_INCLUDE_ALL_APPICON_ASSETS = NO;
				CODE_SIGN_STYLE = Automatic;
				CURRENT_PROJECT_VERSION = 1;
				DEVELOPMENT_TEAM = CK743H6YQY;
				GENERATE_INFOPLIST_FILE = YES;
				INFOPLIST_FILE = GBFitness/Info.plist;
				INFOPLIST_KEY_CFBundleDisplayName = GBFitness;
				INFOPLIST_KEY_LSApplicationCategoryType = "public.app-category.navigation";
				INFOPLIST_KEY_NSLocationAlwaysAndWhenInUseUsageDescription = "Отслеживание геопозиции для трекинга";
				INFOPLIST_KEY_NSLocationWhenInUseUsageDescription = "Необходимо отслеживание геопозиции";
				INFOPLIST_KEY_UIApplicationSupportsIndirectInputEvents = YES;
				INFOPLIST_KEY_UILaunchStoryboardName = LaunchScreen.storyboard;
				INFOPLIST_KEY_UIMainStoryboardFile = Main;
				INFOPLIST_KEY_UIStatusBarStyle = UIStatusBarStyleLightContent;
				INFOPLIST_KEY_UISupportedInterfaceOrientations = UIInterfaceOrientationPortrait;
				IPHONEOS_DEPLOYMENT_TARGET = 15.0;
				LD_RUNPATH_SEARCH_PATHS = (
					"$(inherited)",
					"@executable_path/Frameworks",
				);
				MARKETING_VERSION = 1.0;
				PRODUCT_BUNDLE_IDENTIFIER = "com.losev-maksim.GBFitness";
				PRODUCT_NAME = "$(TARGET_NAME)";
				SWIFT_EMIT_LOC_STRINGS = YES;
				SWIFT_VERSION = 5.0;
				TARGETED_DEVICE_FAMILY = "1,2";
			};
			name = Release;
		};
		C1D8760629371A2200FA5B83 /* Debug */ = {
			isa = XCBuildConfiguration;
			baseConfigurationReference = 29E3EA029F4794FAF5D5B20C /* Pods-GBFitnessTests.debug.xcconfig */;
			buildSettings = {
				ALWAYS_EMBED_SWIFT_STANDARD_LIBRARIES = YES;
				BUNDLE_LOADER = "$(TEST_HOST)";
				CODE_SIGN_STYLE = Automatic;
				CURRENT_PROJECT_VERSION = 1;
				DEVELOPMENT_TEAM = CK743H6YQY;
				GENERATE_INFOPLIST_FILE = YES;
				IPHONEOS_DEPLOYMENT_TARGET = 16.1;
				MARKETING_VERSION = 1.0;
				PRODUCT_BUNDLE_IDENTIFIER = "com.losev-maksim.GBFitnessTests";
				PRODUCT_NAME = "$(TARGET_NAME)";
				SWIFT_EMIT_LOC_STRINGS = NO;
				SWIFT_VERSION = 5.0;
				TARGETED_DEVICE_FAMILY = "1,2";
				TEST_HOST = "$(BUILT_PRODUCTS_DIR)/GBFitness.app/$(BUNDLE_EXECUTABLE_FOLDER_PATH)/GBFitness";
			};
			name = Debug;
		};
		C1D8760729371A2200FA5B83 /* Release */ = {
			isa = XCBuildConfiguration;
			baseConfigurationReference = A3113A3B86EE1419616AB6C9 /* Pods-GBFitnessTests.release.xcconfig */;
			buildSettings = {
				ALWAYS_EMBED_SWIFT_STANDARD_LIBRARIES = YES;
				BUNDLE_LOADER = "$(TEST_HOST)";
				CODE_SIGN_STYLE = Automatic;
				CURRENT_PROJECT_VERSION = 1;
				DEVELOPMENT_TEAM = CK743H6YQY;
				GENERATE_INFOPLIST_FILE = YES;
				IPHONEOS_DEPLOYMENT_TARGET = 16.1;
				MARKETING_VERSION = 1.0;
				PRODUCT_BUNDLE_IDENTIFIER = "com.losev-maksim.GBFitnessTests";
				PRODUCT_NAME = "$(TARGET_NAME)";
				SWIFT_EMIT_LOC_STRINGS = NO;
				SWIFT_VERSION = 5.0;
				TARGETED_DEVICE_FAMILY = "1,2";
				TEST_HOST = "$(BUILT_PRODUCTS_DIR)/GBFitness.app/$(BUNDLE_EXECUTABLE_FOLDER_PATH)/GBFitness";
			};
			name = Release;
		};
		C1D8760929371A2200FA5B83 /* Debug */ = {
			isa = XCBuildConfiguration;
			baseConfigurationReference = 47EE61C2A7B91456586BE9F2 /* Pods-GBFitness-GBFitnessUITests.debug.xcconfig */;
			buildSettings = {
				ALWAYS_EMBED_SWIFT_STANDARD_LIBRARIES = YES;
				CODE_SIGN_STYLE = Automatic;
				CURRENT_PROJECT_VERSION = 1;
				DEVELOPMENT_TEAM = CK743H6YQY;
				GENERATE_INFOPLIST_FILE = YES;
				MARKETING_VERSION = 1.0;
				PRODUCT_BUNDLE_IDENTIFIER = "com.losev-maksim.GBFitnessUITests";
				PRODUCT_NAME = "$(TARGET_NAME)";
				SWIFT_EMIT_LOC_STRINGS = NO;
				SWIFT_VERSION = 5.0;
				TARGETED_DEVICE_FAMILY = "1,2";
				TEST_TARGET_NAME = GBFitness;
			};
			name = Debug;
		};
		C1D8760A29371A2200FA5B83 /* Release */ = {
			isa = XCBuildConfiguration;
			baseConfigurationReference = 0C3C64F81E3C0593E1A5B617 /* Pods-GBFitness-GBFitnessUITests.release.xcconfig */;
			buildSettings = {
				ALWAYS_EMBED_SWIFT_STANDARD_LIBRARIES = YES;
				CODE_SIGN_STYLE = Automatic;
				CURRENT_PROJECT_VERSION = 1;
				DEVELOPMENT_TEAM = CK743H6YQY;
				GENERATE_INFOPLIST_FILE = YES;
				MARKETING_VERSION = 1.0;
				PRODUCT_BUNDLE_IDENTIFIER = "com.losev-maksim.GBFitnessUITests";
				PRODUCT_NAME = "$(TARGET_NAME)";
				SWIFT_EMIT_LOC_STRINGS = NO;
				SWIFT_VERSION = 5.0;
				TARGETED_DEVICE_FAMILY = "1,2";
				TEST_TARGET_NAME = GBFitness;
			};
			name = Release;
		};
/* End XCBuildConfiguration section */

/* Begin XCConfigurationList section */
		C1D875D329371A1C00FA5B83 /* Build configuration list for PBXProject "GBFitness" */ = {
			isa = XCConfigurationList;
			buildConfigurations = (
				C1D8760029371A2200FA5B83 /* Debug */,
				C1D8760129371A2200FA5B83 /* Release */,
			);
			defaultConfigurationIsVisible = 0;
			defaultConfigurationName = Release;
		};
		C1D8760229371A2200FA5B83 /* Build configuration list for PBXNativeTarget "GBFitness" */ = {
			isa = XCConfigurationList;
			buildConfigurations = (
				C1D8760329371A2200FA5B83 /* Debug */,
				C1D8760429371A2200FA5B83 /* Release */,
			);
			defaultConfigurationIsVisible = 0;
			defaultConfigurationName = Release;
		};
		C1D8760529371A2200FA5B83 /* Build configuration list for PBXNativeTarget "GBFitnessTests" */ = {
			isa = XCConfigurationList;
			buildConfigurations = (
				C1D8760629371A2200FA5B83 /* Debug */,
				C1D8760729371A2200FA5B83 /* Release */,
			);
			defaultConfigurationIsVisible = 0;
			defaultConfigurationName = Release;
		};
		C1D8760829371A2200FA5B83 /* Build configuration list for PBXNativeTarget "GBFitnessUITests" */ = {
			isa = XCConfigurationList;
			buildConfigurations = (
				C1D8760929371A2200FA5B83 /* Debug */,
				C1D8760A29371A2200FA5B83 /* Release */,
			);
			defaultConfigurationIsVisible = 0;
			defaultConfigurationName = Release;
		};
/* End XCConfigurationList section */
	};
	rootObject = C1D875D029371A1C00FA5B83 /* Project object */;
}
